{
    "_meta": {
        "hash": {
            "sha256": "534f524143bcad38fffcdc0574f4c791ce5bbc346f59c65a35cb220185fd4a31"
        },
        "pipfile-spec": 6,
        "requires": {},
        "sources": [
            {
                "name": "pypi",
                "url": "https://pypi.org/simple",
                "verify_ssl": true
            }
        ]
    },
    "default": {
        "discord-py": {
            "git": "https://github.com/Rapptz/discord.py",
            "ref": "d37839f38acd79d49bc19ae06d3067a455695e9b"
        },
        "discord.py": {
            "git": "https://github.com/Rapptz/discord.py",
            "ref": "rewrite"
        }
    },
    "develop": {}
}
